// !$*UTF8*$!
{
	archiveVersion = 1;
	classes = {
	};
	objectVersion = 50;
	objects = {

/* Begin PBXBuildFile section */
		8E1B70E525CED31400566E73 /* AppDelegate.swift in Sources */ = {isa = PBXBuildFile; fileRef = 8E1B70E425CED31400566E73 /* AppDelegate.swift */; };
		8E1B70E725CED31400566E73 /* SceneDelegate.swift in Sources */ = {isa = PBXBuildFile; fileRef = 8E1B70E625CED31400566E73 /* SceneDelegate.swift */; };
		8E1B70E925CED31400566E73 /* HomeViewController.swift in Sources */ = {isa = PBXBuildFile; fileRef = 8E1B70E825CED31400566E73 /* HomeViewController.swift */; };
		8E1B70EC25CED31400566E73 /* Main.storyboard in Resources */ = {isa = PBXBuildFile; fileRef = 8E1B70EA25CED31400566E73 /* Main.storyboard */; };
		8E1B70EE25CED31600566E73 /* Assets.xcassets in Resources */ = {isa = PBXBuildFile; fileRef = 8E1B70ED25CED31600566E73 /* Assets.xcassets */; };
		8E1B70F125CED31600566E73 /* LaunchScreen.storyboard in Resources */ = {isa = PBXBuildFile; fileRef = 8E1B70EF25CED31600566E73 /* LaunchScreen.storyboard */; };
		8E1B70FC25CED31600566E73 /* kurukuruTests.swift in Sources */ = {isa = PBXBuildFile; fileRef = 8E1B70FB25CED31600566E73 /* kurukuruTests.swift */; };
		8E1B710725CED31700566E73 /* kurukuruUITests.swift in Sources */ = {isa = PBXBuildFile; fileRef = 8E1B710625CED31700566E73 /* kurukuruUITests.swift */; };
		8E1B712425CED6E800566E73 /* ExploreViewController.swift in Sources */ = {isa = PBXBuildFile; fileRef = 8E1B712325CED6E800566E73 /* ExploreViewController.swift */; };
		8E1B712925CED76200566E73 /* CameraViewController.swift in Sources */ = {isa = PBXBuildFile; fileRef = 8E1B712825CED76200566E73 /* CameraViewController.swift */; };
		8E1B712E25CED7A500566E73 /* NotificationViewController.swift in Sources */ = {isa = PBXBuildFile; fileRef = 8E1B712D25CED7A500566E73 /* NotificationViewController.swift */; };
		8E1B713325CED7C100566E73 /* ProfileViewController.swift in Sources */ = {isa = PBXBuildFile; fileRef = 8E1B713225CED7C100566E73 /* ProfileViewController.swift */; };
		8E1B713E25CED96900566E73 /* LoginViewController.swift in Sources */ = {isa = PBXBuildFile; fileRef = 8E1B713D25CED96900566E73 /* LoginViewController.swift */; };
		8E1B714625CED9AB00566E73 /* RegistrationViewController.swift in Sources */ = {isa = PBXBuildFile; fileRef = 8E1B714525CED9AB00566E73 /* RegistrationViewController.swift */; };
		8E1B714B25CEDA2100566E73 /* PostViewController.swift in Sources */ = {isa = PBXBuildFile; fileRef = 8E1B714A25CEDA2100566E73 /* PostViewController.swift */; };
		8E1B715025CEDA5F00566E73 /* EditProfileViewController.swift in Sources */ = {isa = PBXBuildFile; fileRef = 8E1B714F25CEDA5F00566E73 /* EditProfileViewController.swift */; };
		8E1B715525CEDA7F00566E73 /* SettingsViewController.swift in Sources */ = {isa = PBXBuildFile; fileRef = 8E1B715425CEDA7F00566E73 /* SettingsViewController.swift */; };
		8E1B715A25CEDAB300566E73 /* ListViewController.swift in Sources */ = {isa = PBXBuildFile; fileRef = 8E1B715925CEDAB300566E73 /* ListViewController.swift */; };
		8E1B715F25CEDAE200566E73 /* SearchViewController.swift in Sources */ = {isa = PBXBuildFile; fileRef = 8E1B715E25CEDAE200566E73 /* SearchViewController.swift */; };
		8E1B716425CEDB0500566E73 /* SearchResultViewController.swift in Sources */ = {isa = PBXBuildFile; fileRef = 8E1B716325CEDB0500566E73 /* SearchResultViewController.swift */; };
		8E1B716925CEDB5000566E73 /* PostEditorViewController.swift in Sources */ = {isa = PBXBuildFile; fileRef = 8E1B716825CEDB5000566E73 /* PostEditorViewController.swift */; };
		8E1B716E25CEDB8400566E73 /* PublishPostViewController.swift in Sources */ = {isa = PBXBuildFile; fileRef = 8E1B716D25CEDB8400566E73 /* PublishPostViewController.swift */; };
/* End PBXBuildFile section */

/* Begin PBXContainerItemProxy section */
		8E1B70F825CED31600566E73 /* PBXContainerItemProxy */ = {
			isa = PBXContainerItemProxy;
			containerPortal = 8E1B70D925CED31400566E73 /* Project object */;
			proxyType = 1;
			remoteGlobalIDString = 8E1B70E025CED31400566E73;
			remoteInfo = kurukuru;
		};
		8E1B710325CED31700566E73 /* PBXContainerItemProxy */ = {
			isa = PBXContainerItemProxy;
			containerPortal = 8E1B70D925CED31400566E73 /* Project object */;
			proxyType = 1;
			remoteGlobalIDString = 8E1B70E025CED31400566E73;
			remoteInfo = kurukuru;
		};
/* End PBXContainerItemProxy section */

/* Begin PBXFileReference section */
		8E1B70E125CED31400566E73 /* kurukuru.app */ = {isa = PBXFileReference; explicitFileType = wrapper.application; includeInIndex = 0; path = kurukuru.app; sourceTree = BUILT_PRODUCTS_DIR; };
		8E1B70E425CED31400566E73 /* AppDelegate.swift */ = {isa = PBXFileReference; lastKnownFileType = sourcecode.swift; path = AppDelegate.swift; sourceTree = "<group>"; };
		8E1B70E625CED31400566E73 /* SceneDelegate.swift */ = {isa = PBXFileReference; lastKnownFileType = sourcecode.swift; path = SceneDelegate.swift; sourceTree = "<group>"; };
		8E1B70E825CED31400566E73 /* HomeViewController.swift */ = {isa = PBXFileReference; lastKnownFileType = sourcecode.swift; path = HomeViewController.swift; sourceTree = "<group>"; };
		8E1B70EB25CED31400566E73 /* Base */ = {isa = PBXFileReference; lastKnownFileType = file.storyboard; name = Base; path = Base.lproj/Main.storyboard; sourceTree = "<group>"; };
		8E1B70ED25CED31600566E73 /* Assets.xcassets */ = {isa = PBXFileReference; lastKnownFileType = folder.assetcatalog; path = Assets.xcassets; sourceTree = "<group>"; };
		8E1B70F025CED31600566E73 /* Base */ = {isa = PBXFileReference; lastKnownFileType = file.storyboard; name = Base; path = Base.lproj/LaunchScreen.storyboard; sourceTree = "<group>"; };
		8E1B70F225CED31600566E73 /* Info.plist */ = {isa = PBXFileReference; lastKnownFileType = text.plist.xml; path = Info.plist; sourceTree = "<group>"; };
		8E1B70F725CED31600566E73 /* kurukuruTests.xctest */ = {isa = PBXFileReference; explicitFileType = wrapper.cfbundle; includeInIndex = 0; path = kurukuruTests.xctest; sourceTree = BUILT_PRODUCTS_DIR; };
		8E1B70FB25CED31600566E73 /* kurukuruTests.swift */ = {isa = PBXFileReference; lastKnownFileType = sourcecode.swift; path = kurukuruTests.swift; sourceTree = "<group>"; };
		8E1B70FD25CED31700566E73 /* Info.plist */ = {isa = PBXFileReference; lastKnownFileType = text.plist.xml; path = Info.plist; sourceTree = "<group>"; };
		8E1B710225CED31700566E73 /* kurukuruUITests.xctest */ = {isa = PBXFileReference; explicitFileType = wrapper.cfbundle; includeInIndex = 0; path = kurukuruUITests.xctest; sourceTree = BUILT_PRODUCTS_DIR; };
		8E1B710625CED31700566E73 /* kurukuruUITests.swift */ = {isa = PBXFileReference; lastKnownFileType = sourcecode.swift; path = kurukuruUITests.swift; sourceTree = "<group>"; };
		8E1B710825CED31700566E73 /* Info.plist */ = {isa = PBXFileReference; lastKnownFileType = text.plist.xml; path = Info.plist; sourceTree = "<group>"; };
		8E1B712325CED6E800566E73 /* ExploreViewController.swift */ = {isa = PBXFileReference; lastKnownFileType = sourcecode.swift; path = ExploreViewController.swift; sourceTree = "<group>"; };
		8E1B712825CED76200566E73 /* CameraViewController.swift */ = {isa = PBXFileReference; lastKnownFileType = sourcecode.swift; path = CameraViewController.swift; sourceTree = "<group>"; };
		8E1B712D25CED7A500566E73 /* NotificationViewController.swift */ = {isa = PBXFileReference; lastKnownFileType = sourcecode.swift; path = NotificationViewController.swift; sourceTree = "<group>"; };
		8E1B713225CED7C100566E73 /* ProfileViewController.swift */ = {isa = PBXFileReference; lastKnownFileType = sourcecode.swift; path = ProfileViewController.swift; sourceTree = "<group>"; };
		8E1B713D25CED96900566E73 /* LoginViewController.swift */ = {isa = PBXFileReference; lastKnownFileType = sourcecode.swift; path = LoginViewController.swift; sourceTree = "<group>"; };
		8E1B714525CED9AB00566E73 /* RegistrationViewController.swift */ = {isa = PBXFileReference; lastKnownFileType = sourcecode.swift; path = RegistrationViewController.swift; sourceTree = "<group>"; };
		8E1B714A25CEDA2100566E73 /* PostViewController.swift */ = {isa = PBXFileReference; lastKnownFileType = sourcecode.swift; path = PostViewController.swift; sourceTree = "<group>"; };
		8E1B714F25CEDA5F00566E73 /* EditProfileViewController.swift */ = {isa = PBXFileReference; lastKnownFileType = sourcecode.swift; path = EditProfileViewController.swift; sourceTree = "<group>"; };
		8E1B715425CEDA7F00566E73 /* SettingsViewController.swift */ = {isa = PBXFileReference; lastKnownFileType = sourcecode.swift; path = SettingsViewController.swift; sourceTree = "<group>"; };
		8E1B715925CEDAB300566E73 /* ListViewController.swift */ = {isa = PBXFileReference; lastKnownFileType = sourcecode.swift; path = ListViewController.swift; sourceTree = "<group>"; };
		8E1B715E25CEDAE200566E73 /* SearchViewController.swift */ = {isa = PBXFileReference; lastKnownFileType = sourcecode.swift; path = SearchViewController.swift; sourceTree = "<group>"; };
		8E1B716325CEDB0500566E73 /* SearchResultViewController.swift */ = {isa = PBXFileReference; lastKnownFileType = sourcecode.swift; path = SearchResultViewController.swift; sourceTree = "<group>"; };
		8E1B716825CEDB5000566E73 /* PostEditorViewController.swift */ = {isa = PBXFileReference; lastKnownFileType = sourcecode.swift; path = PostEditorViewController.swift; sourceTree = "<group>"; };
		8E1B716D25CEDB8400566E73 /* PublishPostViewController.swift */ = {isa = PBXFileReference; lastKnownFileType = sourcecode.swift; path = PublishPostViewController.swift; sourceTree = "<group>"; };
/* End PBXFileReference section */

/* Begin PBXFrameworksBuildPhase section */
		8E1B70DE25CED31400566E73 /* Frameworks */ = {
			isa = PBXFrameworksBuildPhase;
			buildActionMask = 2147483647;
			files = (
			);
			runOnlyForDeploymentPostprocessing = 0;
		};
		8E1B70F425CED31600566E73 /* Frameworks */ = {
			isa = PBXFrameworksBuildPhase;
			buildActionMask = 2147483647;
			files = (
			);
			runOnlyForDeploymentPostprocessing = 0;
		};
		8E1B70FF25CED31700566E73 /* Frameworks */ = {
			isa = PBXFrameworksBuildPhase;
			buildActionMask = 2147483647;
			files = (
			);
			runOnlyForDeploymentPostprocessing = 0;
		};
/* End PBXFrameworksBuildPhase section */

/* Begin PBXGroup section */
		8E1B70D825CED31400566E73 = {
			isa = PBXGroup;
			children = (
				8E1B70E325CED31400566E73 /* kurukuru */,
				8E1B70FA25CED31600566E73 /* kurukuruTests */,
				8E1B710525CED31700566E73 /* kurukuruUITests */,
				8E1B70E225CED31400566E73 /* Products */,
			);
			sourceTree = "<group>";
		};
		8E1B70E225CED31400566E73 /* Products */ = {
			isa = PBXGroup;
			children = (
				8E1B70E125CED31400566E73 /* kurukuru.app */,
				8E1B70F725CED31600566E73 /* kurukuruTests.xctest */,
				8E1B710225CED31700566E73 /* kurukuruUITests.xctest */,
			);
			name = Products;
			sourceTree = "<group>";
		};
		8E1B70E325CED31400566E73 /* kurukuru */ = {
			isa = PBXGroup;
			children = (
				8E1B711B25CED47600566E73 /* Resources */,
				8E1B711A25CED40F00566E73 /* Models */,
				8E1B711925CED3F300566E73 /* Views */,
				8E1B711825CED3DB00566E73 /* Controllers */,
				8E1B70F225CED31600566E73 /* Info.plist */,
			);
			path = kurukuru;
			sourceTree = "<group>";
		};
		8E1B70FA25CED31600566E73 /* kurukuruTests */ = {
			isa = PBXGroup;
			children = (
				8E1B70FB25CED31600566E73 /* kurukuruTests.swift */,
				8E1B70FD25CED31700566E73 /* Info.plist */,
			);
			path = kurukuruTests;
			sourceTree = "<group>";
		};
		8E1B710525CED31700566E73 /* kurukuruUITests */ = {
			isa = PBXGroup;
			children = (
				8E1B710625CED31700566E73 /* kurukuruUITests.swift */,
				8E1B710825CED31700566E73 /* Info.plist */,
			);
			path = kurukuruUITests;
			sourceTree = "<group>";
		};
		8E1B711825CED3DB00566E73 /* Controllers */ = {
			isa = PBXGroup;
			children = (
				8E1B713B25CED92900566E73 /* Other */,
				8E1B713725CED7FA00566E73 /* Core Tabs */,
			);
			path = Controllers;
			sourceTree = "<group>";
		};
		8E1B711925CED3F300566E73 /* Views */ = {
			isa = PBXGroup;
			children = (
				8E1B70ED25CED31600566E73 /* Assets.xcassets */,
				8E1B711F25CED50B00566E73 /* Storyboards */,
			);
			path = Views;
			sourceTree = "<group>";
		};
		8E1B711A25CED40F00566E73 /* Models */ = {
			isa = PBXGroup;
			children = (
			);
			path = Models;
			sourceTree = "<group>";
		};
		8E1B711B25CED47600566E73 /* Resources */ = {
			isa = PBXGroup;
			children = (
				8E1B70E425CED31400566E73 /* AppDelegate.swift */,
				8E1B70E625CED31400566E73 /* SceneDelegate.swift */,
			);
			path = Resources;
			sourceTree = "<group>";
		};
		8E1B711F25CED50B00566E73 /* Storyboards */ = {
			isa = PBXGroup;
			children = (
				8E1B70EA25CED31400566E73 /* Main.storyboard */,
				8E1B70EF25CED31600566E73 /* LaunchScreen.storyboard */,
			);
			path = Storyboards;
			sourceTree = "<group>";
		};
		8E1B713725CED7FA00566E73 /* Core Tabs */ = {
			isa = PBXGroup;
			children = (
				8E1B70E825CED31400566E73 /* HomeViewController.swift */,
				8E1B712325CED6E800566E73 /* ExploreViewController.swift */,
				8E1B712825CED76200566E73 /* CameraViewController.swift */,
				8E1B712D25CED7A500566E73 /* NotificationViewController.swift */,
				8E1B713225CED7C100566E73 /* ProfileViewController.swift */,
			);
			path = "Core Tabs";
			sourceTree = "<group>";
		};
		8E1B713B25CED92900566E73 /* Other */ = {
			isa = PBXGroup;
			children = (
				8E1B713C25CED93F00566E73 /* Onboarding */,
				8E1B714A25CEDA2100566E73 /* PostViewController.swift */,
				8E1B714F25CEDA5F00566E73 /* EditProfileViewController.swift */,
				8E1B715425CEDA7F00566E73 /* SettingsViewController.swift */,
				8E1B715925CEDAB300566E73 /* ListViewController.swift */,
				8E1B715E25CEDAE200566E73 /* SearchViewController.swift */,
				8E1B716325CEDB0500566E73 /* SearchResultViewController.swift */,
				8E1B716825CEDB5000566E73 /* PostEditorViewController.swift */,
				8E1B716D25CEDB8400566E73 /* PublishPostViewController.swift */,
			);
			path = Other;
			sourceTree = "<group>";
		};
		8E1B713C25CED93F00566E73 /* Onboarding */ = {
			isa = PBXGroup;
			children = (
				8E1B713D25CED96900566E73 /* LoginViewController.swift */,
				8E1B714525CED9AB00566E73 /* RegistrationViewController.swift */,
			);
			path = Onboarding;
			sourceTree = "<group>";
		};
/* End PBXGroup section */

/* Begin PBXNativeTarget section */
		8E1B70E025CED31400566E73 /* kurukuru */ = {
			isa = PBXNativeTarget;
			buildConfigurationList = 8E1B710B25CED31700566E73 /* Build configuration list for PBXNativeTarget "kurukuru" */;
			buildPhases = (
				8E1B70DD25CED31400566E73 /* Sources */,
				8E1B70DE25CED31400566E73 /* Frameworks */,
				8E1B70DF25CED31400566E73 /* Resources */,
			);
			buildRules = (
			);
			dependencies = (
			);
			name = kurukuru;
			productName = kurukuru;
			productReference = 8E1B70E125CED31400566E73 /* kurukuru.app */;
			productType = "com.apple.product-type.application";
		};
		8E1B70F625CED31600566E73 /* kurukuruTests */ = {
			isa = PBXNativeTarget;
			buildConfigurationList = 8E1B710E25CED31700566E73 /* Build configuration list for PBXNativeTarget "kurukuruTests" */;
			buildPhases = (
				8E1B70F325CED31600566E73 /* Sources */,
				8E1B70F425CED31600566E73 /* Frameworks */,
				8E1B70F525CED31600566E73 /* Resources */,
			);
			buildRules = (
			);
			dependencies = (
				8E1B70F925CED31600566E73 /* PBXTargetDependency */,
			);
			name = kurukuruTests;
			productName = kurukuruTests;
			productReference = 8E1B70F725CED31600566E73 /* kurukuruTests.xctest */;
			productType = "com.apple.product-type.bundle.unit-test";
		};
		8E1B710125CED31700566E73 /* kurukuruUITests */ = {
			isa = PBXNativeTarget;
			buildConfigurationList = 8E1B711125CED31700566E73 /* Build configuration list for PBXNativeTarget "kurukuruUITests" */;
			buildPhases = (
				8E1B70FE25CED31700566E73 /* Sources */,
				8E1B70FF25CED31700566E73 /* Frameworks */,
				8E1B710025CED31700566E73 /* Resources */,
			);
			buildRules = (
			);
			dependencies = (
				8E1B710425CED31700566E73 /* PBXTargetDependency */,
			);
			name = kurukuruUITests;
			productName = kurukuruUITests;
			productReference = 8E1B710225CED31700566E73 /* kurukuruUITests.xctest */;
			productType = "com.apple.product-type.bundle.ui-testing";
		};
/* End PBXNativeTarget section */

/* Begin PBXProject section */
		8E1B70D925CED31400566E73 /* Project object */ = {
			isa = PBXProject;
			attributes = {
				LastSwiftUpdateCheck = 1230;
				LastUpgradeCheck = 1230;
				TargetAttributes = {
					8E1B70E025CED31400566E73 = {
						CreatedOnToolsVersion = 12.3;
					};
					8E1B70F625CED31600566E73 = {
						CreatedOnToolsVersion = 12.3;
						TestTargetID = 8E1B70E025CED31400566E73;
					};
					8E1B710125CED31700566E73 = {
						CreatedOnToolsVersion = 12.3;
						TestTargetID = 8E1B70E025CED31400566E73;
					};
				};
			};
			buildConfigurationList = 8E1B70DC25CED31400566E73 /* Build configuration list for PBXProject "kurukuru" */;
			compatibilityVersion = "Xcode 9.3";
			developmentRegion = en;
			hasScannedForEncodings = 0;
			knownRegions = (
				en,
				Base,
			);
			mainGroup = 8E1B70D825CED31400566E73;
			productRefGroup = 8E1B70E225CED31400566E73 /* Products */;
			projectDirPath = "";
			projectRoot = "";
			targets = (
				8E1B70E025CED31400566E73 /* kurukuru */,
				8E1B70F625CED31600566E73 /* kurukuruTests */,
				8E1B710125CED31700566E73 /* kurukuruUITests */,
			);
		};
/* End PBXProject section */

/* Begin PBXResourcesBuildPhase section */
		8E1B70DF25CED31400566E73 /* Resources */ = {
			isa = PBXResourcesBuildPhase;
			buildActionMask = 2147483647;
			files = (
				8E1B70F125CED31600566E73 /* LaunchScreen.storyboard in Resources */,
				8E1B70EE25CED31600566E73 /* Assets.xcassets in Resources */,
				8E1B70EC25CED31400566E73 /* Main.storyboard in Resources */,
			);
			runOnlyForDeploymentPostprocessing = 0;
		};
		8E1B70F525CED31600566E73 /* Resources */ = {
			isa = PBXResourcesBuildPhase;
			buildActionMask = 2147483647;
			files = (
			);
			runOnlyForDeploymentPostprocessing = 0;
		};
		8E1B710025CED31700566E73 /* Resources */ = {
			isa = PBXResourcesBuildPhase;
			buildActionMask = 2147483647;
			files = (
			);
			runOnlyForDeploymentPostprocessing = 0;
		};
/* End PBXResourcesBuildPhase section */

/* Begin PBXSourcesBuildPhase section */
		8E1B70DD25CED31400566E73 /* Sources */ = {
			isa = PBXSourcesBuildPhase;
			buildActionMask = 2147483647;
			files = (
				8E1B715025CEDA5F00566E73 /* EditProfileViewController.swift in Sources */,
				8E1B712425CED6E800566E73 /* ExploreViewController.swift in Sources */,
				8E1B716E25CEDB8400566E73 /* PublishPostViewController.swift in Sources */,
				8E1B712925CED76200566E73 /* CameraViewController.swift in Sources */,
				8E1B712E25CED7A500566E73 /* NotificationViewController.swift in Sources */,
				8E1B714625CED9AB00566E73 /* RegistrationViewController.swift in Sources */,
				8E1B716925CEDB5000566E73 /* PostEditorViewController.swift in Sources */,
				8E1B714B25CEDA2100566E73 /* PostViewController.swift in Sources */,
				8E1B70E925CED31400566E73 /* HomeViewController.swift in Sources */,
				8E1B716425CEDB0500566E73 /* SearchResultViewController.swift in Sources */,
				8E1B713E25CED96900566E73 /* LoginViewController.swift in Sources */,
				8E1B715F25CEDAE200566E73 /* SearchViewController.swift in Sources */,
				8E1B713325CED7C100566E73 /* ProfileViewController.swift in Sources */,
				8E1B70E525CED31400566E73 /* AppDelegate.swift in Sources */,
				8E1B70E725CED31400566E73 /* SceneDelegate.swift in Sources */,
				8E1B715A25CEDAB300566E73 /* ListViewController.swift in Sources */,
				8E1B715525CEDA7F00566E73 /* SettingsViewController.swift in Sources */,
			);
			runOnlyForDeploymentPostprocessing = 0;
		};
		8E1B70F325CED31600566E73 /* Sources */ = {
			isa = PBXSourcesBuildPhase;
			buildActionMask = 2147483647;
			files = (
				8E1B70FC25CED31600566E73 /* kurukuruTests.swift in Sources */,
			);
			runOnlyForDeploymentPostprocessing = 0;
		};
		8E1B70FE25CED31700566E73 /* Sources */ = {
			isa = PBXSourcesBuildPhase;
			buildActionMask = 2147483647;
			files = (
				8E1B710725CED31700566E73 /* kurukuruUITests.swift in Sources */,
			);
			runOnlyForDeploymentPostprocessing = 0;
		};
/* End PBXSourcesBuildPhase section */

/* Begin PBXTargetDependency section */
		8E1B70F925CED31600566E73 /* PBXTargetDependency */ = {
			isa = PBXTargetDependency;
			target = 8E1B70E025CED31400566E73 /* kurukuru */;
			targetProxy = 8E1B70F825CED31600566E73 /* PBXContainerItemProxy */;
		};
		8E1B710425CED31700566E73 /* PBXTargetDependency */ = {
			isa = PBXTargetDependency;
			target = 8E1B70E025CED31400566E73 /* kurukuru */;
			targetProxy = 8E1B710325CED31700566E73 /* PBXContainerItemProxy */;
		};
/* End PBXTargetDependency section */

/* Begin PBXVariantGroup section */
		8E1B70EA25CED31400566E73 /* Main.storyboard */ = {
			isa = PBXVariantGroup;
			children = (
				8E1B70EB25CED31400566E73 /* Base */,
			);
			name = Main.storyboard;
			sourceTree = "<group>";
		};
		8E1B70EF25CED31600566E73 /* LaunchScreen.storyboard */ = {
			isa = PBXVariantGroup;
			children = (
				8E1B70F025CED31600566E73 /* Base */,
			);
			name = LaunchScreen.storyboard;
			sourceTree = "<group>";
		};
/* End PBXVariantGroup section */

/* Begin XCBuildConfiguration section */
		8E1B710925CED31700566E73 /* Debug */ = {
			isa = XCBuildConfiguration;
			buildSettings = {
				ALWAYS_SEARCH_USER_PATHS = NO;
				CLANG_ANALYZER_NONNULL = YES;
				CLANG_ANALYZER_NUMBER_OBJECT_CONVERSION = YES_AGGRESSIVE;
				CLANG_CXX_LANGUAGE_STANDARD = "gnu++14";
				CLANG_CXX_LIBRARY = "libc++";
				CLANG_ENABLE_MODULES = YES;
				CLANG_ENABLE_OBJC_ARC = YES;
				CLANG_ENABLE_OBJC_WEAK = YES;
				CLANG_WARN_BLOCK_CAPTURE_AUTORELEASING = YES;
				CLANG_WARN_BOOL_CONVERSION = YES;
				CLANG_WARN_COMMA = YES;
				CLANG_WARN_CONSTANT_CONVERSION = YES;
				CLANG_WARN_DEPRECATED_OBJC_IMPLEMENTATIONS = YES;
				CLANG_WARN_DIRECT_OBJC_ISA_USAGE = YES_ERROR;
				CLANG_WARN_DOCUMENTATION_COMMENTS = YES;
				CLANG_WARN_EMPTY_BODY = YES;
				CLANG_WARN_ENUM_CONVERSION = YES;
				CLANG_WARN_INFINITE_RECURSION = YES;
				CLANG_WARN_INT_CONVERSION = YES;
				CLANG_WARN_NON_LITERAL_NULL_CONVERSION = YES;
				CLANG_WARN_OBJC_IMPLICIT_RETAIN_SELF = YES;
				CLANG_WARN_OBJC_LITERAL_CONVERSION = YES;
				CLANG_WARN_OBJC_ROOT_CLASS = YES_ERROR;
				CLANG_WARN_QUOTED_INCLUDE_IN_FRAMEWORK_HEADER = YES;
				CLANG_WARN_RANGE_LOOP_ANALYSIS = YES;
				CLANG_WARN_STRICT_PROTOTYPES = YES;
				CLANG_WARN_SUSPICIOUS_MOVE = YES;
				CLANG_WARN_UNGUARDED_AVAILABILITY = YES_AGGRESSIVE;
				CLANG_WARN_UNREACHABLE_CODE = YES;
				CLANG_WARN__DUPLICATE_METHOD_MATCH = YES;
				COPY_PHASE_STRIP = NO;
				DEBUG_INFORMATION_FORMAT = dwarf;
				ENABLE_STRICT_OBJC_MSGSEND = YES;
				ENABLE_TESTABILITY = YES;
				GCC_C_LANGUAGE_STANDARD = gnu11;
				GCC_DYNAMIC_NO_PIC = NO;
				GCC_NO_COMMON_BLOCKS = YES;
				GCC_OPTIMIZATION_LEVEL = 0;
				GCC_PREPROCESSOR_DEFINITIONS = (
					"DEBUG=1",
					"$(inherited)",
				);
				GCC_WARN_64_TO_32_BIT_CONVERSION = YES;
				GCC_WARN_ABOUT_RETURN_TYPE = YES_ERROR;
				GCC_WARN_UNDECLARED_SELECTOR = YES;
				GCC_WARN_UNINITIALIZED_AUTOS = YES_AGGRESSIVE;
				GCC_WARN_UNUSED_FUNCTION = YES;
				GCC_WARN_UNUSED_VARIABLE = YES;
				IPHONEOS_DEPLOYMENT_TARGET = 14.3;
				MTL_ENABLE_DEBUG_INFO = INCLUDE_SOURCE;
				MTL_FAST_MATH = YES;
				ONLY_ACTIVE_ARCH = YES;
				SDKROOT = iphoneos;
				SWIFT_ACTIVE_COMPILATION_CONDITIONS = DEBUG;
				SWIFT_OPTIMIZATION_LEVEL = "-Onone";
			};
			name = Debug;
		};
		8E1B710A25CED31700566E73 /* Release */ = {
			isa = XCBuildConfiguration;
			buildSettings = {
				ALWAYS_SEARCH_USER_PATHS = NO;
				CLANG_ANALYZER_NONNULL = YES;
				CLANG_ANALYZER_NUMBER_OBJECT_CONVERSION = YES_AGGRESSIVE;
				CLANG_CXX_LANGUAGE_STANDARD = "gnu++14";
				CLANG_CXX_LIBRARY = "libc++";
				CLANG_ENABLE_MODULES = YES;
				CLANG_ENABLE_OBJC_ARC = YES;
				CLANG_ENABLE_OBJC_WEAK = YES;
				CLANG_WARN_BLOCK_CAPTURE_AUTORELEASING = YES;
				CLANG_WARN_BOOL_CONVERSION = YES;
				CLANG_WARN_COMMA = YES;
				CLANG_WARN_CONSTANT_CONVERSION = YES;
				CLANG_WARN_DEPRECATED_OBJC_IMPLEMENTATIONS = YES;
				CLANG_WARN_DIRECT_OBJC_ISA_USAGE = YES_ERROR;
				CLANG_WARN_DOCUMENTATION_COMMENTS = YES;
				CLANG_WARN_EMPTY_BODY = YES;
				CLANG_WARN_ENUM_CONVERSION = YES;
				CLANG_WARN_INFINITE_RECURSION = YES;
				CLANG_WARN_INT_CONVERSION = YES;
				CLANG_WARN_NON_LITERAL_NULL_CONVERSION = YES;
				CLANG_WARN_OBJC_IMPLICIT_RETAIN_SELF = YES;
				CLANG_WARN_OBJC_LITERAL_CONVERSION = YES;
				CLANG_WARN_OBJC_ROOT_CLASS = YES_ERROR;
				CLANG_WARN_QUOTED_INCLUDE_IN_FRAMEWORK_HEADER = YES;
				CLANG_WARN_RANGE_LOOP_ANALYSIS = YES;
				CLANG_WARN_STRICT_PROTOTYPES = YES;
				CLANG_WARN_SUSPICIOUS_MOVE = YES;
				CLANG_WARN_UNGUARDED_AVAILABILITY = YES_AGGRESSIVE;
				CLANG_WARN_UNREACHABLE_CODE = YES;
				CLANG_WARN__DUPLICATE_METHOD_MATCH = YES;
				COPY_PHASE_STRIP = NO;
				DEBUG_INFORMATION_FORMAT = "dwarf-with-dsym";
				ENABLE_NS_ASSERTIONS = NO;
				ENABLE_STRICT_OBJC_MSGSEND = YES;
				GCC_C_LANGUAGE_STANDARD = gnu11;
				GCC_NO_COMMON_BLOCKS = YES;
				GCC_WARN_64_TO_32_BIT_CONVERSION = YES;
				GCC_WARN_ABOUT_RETURN_TYPE = YES_ERROR;
				GCC_WARN_UNDECLARED_SELECTOR = YES;
				GCC_WARN_UNINITIALIZED_AUTOS = YES_AGGRESSIVE;
				GCC_WARN_UNUSED_FUNCTION = YES;
				GCC_WARN_UNUSED_VARIABLE = YES;
				IPHONEOS_DEPLOYMENT_TARGET = 14.3;
				MTL_ENABLE_DEBUG_INFO = NO;
				MTL_FAST_MATH = YES;
				SDKROOT = iphoneos;
				SWIFT_COMPILATION_MODE = wholemodule;
				SWIFT_OPTIMIZATION_LEVEL = "-O";
				VALIDATE_PRODUCT = YES;
			};
			name = Release;
		};
		8E1B710C25CED31700566E73 /* Debug */ = {
			isa = XCBuildConfiguration;
			buildSettings = {
				ASSETCATALOG_COMPILER_APPICON_NAME = AppIcon;
				ASSETCATALOG_COMPILER_GLOBAL_ACCENT_COLOR_NAME = AccentColor;
				CODE_SIGN_STYLE = Automatic;
				DEVELOPMENT_TEAM = 3CC8K5TMD5;
				INFOPLIST_FILE = kurukuru/Info.plist;
				LD_RUNPATH_SEARCH_PATHS = (
					"$(inherited)",
					"@executable_path/Frameworks",
				);
				PRODUCT_BUNDLE_IDENTIFIER = hideokawahara.kurukuru;
				PRODUCT_NAME = "$(TARGET_NAME)";
				SWIFT_VERSION = 5.0;
				TARGETED_DEVICE_FAMILY = "1,2";
			};
			name = Debug;
		};
		8E1B710D25CED31700566E73 /* Release */ = {
			isa = XCBuildConfiguration;
			buildSettings = {
				ASSETCATALOG_COMPILER_APPICON_NAME = AppIcon;
				ASSETCATALOG_COMPILER_GLOBAL_ACCENT_COLOR_NAME = AccentColor;
				CODE_SIGN_STYLE = Automatic;
				DEVELOPMENT_TEAM = 3CC8K5TMD5;
				INFOPLIST_FILE = kurukuru/Info.plist;
				LD_RUNPATH_SEARCH_PATHS = (
					"$(inherited)",
					"@executable_path/Frameworks",
				);
				PRODUCT_BUNDLE_IDENTIFIER = hideokawahara.kurukuru;
				PRODUCT_NAME = "$(TARGET_NAME)";
				SWIFT_VERSION = 5.0;
				TARGETED_DEVICE_FAMILY = "1,2";
			};
			name = Release;
		};
		8E1B710F25CED31700566E73 /* Debug */ = {
			isa = XCBuildConfiguration;
			buildSettings = {
				ALWAYS_EMBED_SWIFT_STANDARD_LIBRARIES = YES;
				BUNDLE_LOADER = "$(TEST_HOST)";
				CODE_SIGN_STYLE = Automatic;
				DEVELOPMENT_TEAM = 3CC8K5TMD5;
				INFOPLIST_FILE = kurukuruTests/Info.plist;
				IPHONEOS_DEPLOYMENT_TARGET = 14.3;
				LD_RUNPATH_SEARCH_PATHS = (
					"$(inherited)",
					"@executable_path/Frameworks",
					"@loader_path/Frameworks",
				);
				PRODUCT_BUNDLE_IDENTIFIER = hideokawahara.kurukuruTests;
				PRODUCT_NAME = "$(TARGET_NAME)";
				SWIFT_VERSION = 5.0;
				TARGETED_DEVICE_FAMILY = "1,2";
				TEST_HOST = "$(BUILT_PRODUCTS_DIR)/kurukuru.app/kurukuru";
			};
			name = Debug;
		};
		8E1B711025CED31700566E73 /* Release */ = {
			isa = XCBuildConfiguration;
			buildSettings = {
				ALWAYS_EMBED_SWIFT_STANDARD_LIBRARIES = YES;
				BUNDLE_LOADER = "$(TEST_HOST)";
				CODE_SIGN_STYLE = Automatic;
				DEVELOPMENT_TEAM = 3CC8K5TMD5;
				INFOPLIST_FILE = kurukuruTests/Info.plist;
				IPHONEOS_DEPLOYMENT_TARGET = 14.3;
				LD_RUNPATH_SEARCH_PATHS = (
					"$(inherited)",
					"@executable_path/Frameworks",
					"@loader_path/Frameworks",
				);
				PRODUCT_BUNDLE_IDENTIFIER = hideokawahara.kurukuruTests;
				PRODUCT_NAME = "$(TARGET_NAME)";
				SWIFT_VERSION = 5.0;
				TARGETED_DEVICE_FAMILY = "1,2";
				TEST_HOST = "$(BUILT_PRODUCTS_DIR)/kurukuru.app/kurukuru";
			};
			name = Release;
		};
		8E1B711225CED31700566E73 /* Debug */ = {
			isa = XCBuildConfiguration;
			buildSettings = {
				ALWAYS_EMBED_SWIFT_STANDARD_LIBRARIES = YES;
				CODE_SIGN_STYLE = Automatic;
				DEVELOPMENT_TEAM = 3CC8K5TMD5;
				INFOPLIST_FILE = kurukuruUITests/Info.plist;
				LD_RUNPATH_SEARCH_PATHS = (
					"$(inherited)",
					"@executable_path/Frameworks",
					"@loader_path/Frameworks",
				);
				PRODUCT_BUNDLE_IDENTIFIER = hideokawahara.kurukuruUITests;
				PRODUCT_NAME = "$(TARGET_NAME)";
				SWIFT_VERSION = 5.0;
				TARGETED_DEVICE_FAMILY = "1,2";
				TEST_TARGET_NAME = kurukuru;
			};
			name = Debug;
		};
		8E1B711325CED31700566E73 /* Release */ = {
			isa = XCBuildConfiguration;
			buildSettings = {
				ALWAYS_EMBED_SWIFT_STANDARD_LIBRARIES = YES;
				CODE_SIGN_STYLE = Automatic;
				DEVELOPMENT_TEAM = 3CC8K5TMD5;
				INFOPLIST_FILE = kurukuruUITests/Info.plist;
				LD_RUNPATH_SEARCH_PATHS = (
					"$(inherited)",
					"@executable_path/Frameworks",
					"@loader_path/Frameworks",
				);
				PRODUCT_BUNDLE_IDENTIFIER = hideokawahara.kurukuruUITests;
				PRODUCT_NAME = "$(TARGET_NAME)";
				SWIFT_VERSION = 5.0;
				TARGETED_DEVICE_FAMILY = "1,2";
				TEST_TARGET_NAME = kurukuru;
			};
			name = Release;
		};
/* End XCBuildConfiguration section */

/* Begin XCConfigurationList section */
		8E1B70DC25CED31400566E73 /* Build configuration list for PBXProject "kurukuru" */ = {
			isa = XCConfigurationList;
			buildConfigurations = (
				8E1B710925CED31700566E73 /* Debug */,
				8E1B710A25CED31700566E73 /* Release */,
			);
			defaultConfigurationIsVisible = 0;
			defaultConfigurationName = Release;
		};
		8E1B710B25CED31700566E73 /* Build configuration list for PBXNativeTarget "kurukuru" */ = {
			isa = XCConfigurationList;
			buildConfigurations = (
				8E1B710C25CED31700566E73 /* Debug */,
				8E1B710D25CED31700566E73 /* Release */,
			);
			defaultConfigurationIsVisible = 0;
			defaultConfigurationName = Release;
		};
		8E1B710E25CED31700566E73 /* Build configuration list for PBXNativeTarget "kurukuruTests" */ = {
			isa = XCConfigurationList;
			buildConfigurations = (
				8E1B710F25CED31700566E73 /* Debug */,
				8E1B711025CED31700566E73 /* Release */,
			);
			defaultConfigurationIsVisible = 0;
			defaultConfigurationName = Release;
		};
		8E1B711125CED31700566E73 /* Build configuration list for PBXNativeTarget "kurukuruUITests" */ = {
			isa = XCConfigurationList;
			buildConfigurations = (
				8E1B711225CED31700566E73 /* Debug */,
				8E1B711325CED31700566E73 /* Release */,
			);
			defaultConfigurationIsVisible = 0;
			defaultConfigurationName = Release;
		};
/* End XCConfigurationList section */
	};
	rootObject = 8E1B70D925CED31400566E73 /* Project object */;
}
